
Microsoft Visual Studio Solution File, Format Version 12.00
# Visual Studio Version 17
VisualStudioVersion = 17.8.34004.107
MinimumVisualStudioVersion = 10.0.40219.1
Project("{9A19103F-16F7-4668-BE54-9A1E7A4F7556}") = "BulkyWeb", "BulkyWeb\BulkyWeb.csproj", "{B07FE442-F8CA-4892-9D81-827DA5AE2718}"
EndProject
Project("{FAE04EC0-301F-11D3-BF4B-00C04F79EFBC}") = "Bulky.DataAccess", "Bulky.DataAccess\Bulky.DataAccess.csproj", "{C43E9EF5-1892-48AC-A1DD-28B0B22C2890}"
EndProject
Project("{FAE04EC0-301F-11D3-BF4B-00C04F79EFBC}") = "Bulky.Models", "Bulky.Models\Bulky.Models.csproj", "{9A9A4FA4-2A84-401C-97A6-F3027CD6D69B}"
EndProject
Project("{FAE04EC0-301F-11D3-BF4B-00C04F79EFBC}") = "Bulky.Utility", "Bulky.Utility\Bulky.Utility.csproj", "{24788C1F-8AD2-41DB-AFCE-D060D5BDB998}"
EndProject
Project("{2150E333-8FDC-42A3-9474-1A3956D46DE8}") = "Solution Items", "Solution Items", "{686F806A-3722-4AE3-8CF8-BE5B240F9E4C}"
	ProjectSection(SolutionItems) = preProject
		.editorconfig = .editorconfig
	EndProjectSection
EndProject
Global
	GlobalSection(SolutionConfigurationPlatforms) = preSolution
		Debug|Any CPU = Debug|Any CPU
		Release|Any CPU = Release|Any CPU
	EndGlobalSection
	GlobalSection(ProjectConfigurationPlatforms) = postSolution
		{B07FE442-F8CA-4892-9D81-827DA5AE2718}.Debug|Any CPU.ActiveCfg = Debug|Any CPU
		{B07FE442-F8CA-4892-9D81-827DA5AE2718}.Debug|Any CPU.Build.0 = Debug|Any CPU
		{B07FE442-F8CA-4892-9D81-827DA5AE2718}.Release|Any CPU.ActiveCfg = Release|Any CPU
		{B07FE442-F8CA-4892-9D81-827DA5AE2718}.Release|Any CPU.Build.0 = Release|Any CPU
		{C43E9EF5-1892-48AC-A1DD-28B0B22C2890}.Debug|Any CPU.ActiveCfg = Debug|Any CPU
		{C43E9EF5-1892-48AC-A1DD-28B0B22C2890}.Debug|Any CPU.Build.0 = Debug|Any CPU
		{C43E9EF5-1892-48AC-A1DD-28B0B22C2890}.Release|Any CPU.ActiveCfg = Release|Any CPU
		{C43E9EF5-1892-48AC-A1DD-28B0B22C2890}.Release|Any CPU.Build.0 = Release|Any CPU
		{9A9A4FA4-2A84-401C-97A6-F3027CD6D69B}.Debug|Any CPU.ActiveCfg = Debug|Any CPU
		{9A9A4FA4-2A84-401C-97A6-F3027CD6D69B}.Debug|Any CPU.Build.0 = Debug|Any CPU
		{9A9A4FA4-2A84-401C-97A6-F3027CD6D69B}.Release|Any CPU.ActiveCfg = Release|Any CPU
		{9A9A4FA4-2A84-401C-97A6-F3027CD6D69B}.Release|Any CPU.Build.0 = Release|Any CPU
		{24788C1F-8AD2-41DB-AFCE-D060D5BDB998}.Debug|Any CPU.ActiveCfg = Debug|Any CPU
		{24788C1F-8AD2-41DB-AFCE-D060D5BDB998}.Debug|Any CPU.Build.0 = Debug|Any CPU
		{24788C1F-8AD2-41DB-AFCE-D060D5BDB998}.Release|Any CPU.ActiveCfg = Release|Any CPU
		{24788C1F-8AD2-41DB-AFCE-D060D5BDB998}.Release|Any CPU.Build.0 = Release|Any CPU
	EndGlobalSection
	GlobalSection(SolutionProperties) = preSolution
		HideSolutionNode = FALSE
	EndGlobalSection
	GlobalSection(ExtensibilityGlobals) = postSolution
		SolutionGuid = {C7360314-05D8-4479-97C2-2E2D5AF9AEAB}
	EndGlobalSection
EndGlobal
